
Microsoft Visual Studio Solution File, Format Version 12.00
# Visual Studio Version 17
VisualStudioVersion = 17.0.31919.166
MinimumVisualStudioVersion = 10.0.40219.1
Project("{FAE04EC0-301F-11D3-BF4B-00C04F79EFBC}") = "FinalGraph", "FinalGraph.csproj", "{9F469C20-5F1F-4CC1-8DE8-080EF8A34426}"
EndProject
Global
	GlobalSection(SolutionConfigurationPlatforms) = preSolution
		Debug|Any CPU = Debug|Any CPU
		Release|Any CPU = Release|Any CPU
	EndGlobalSection
	GlobalSection(ProjectConfigurationPlatforms) = postSolution
		{9F469C20-5F1F-4CC1-8DE8-080EF8A34426}.Debug|Any CPU.ActiveCfg = Debug|Any CPU
		{9F469C20-5F1F-4CC1-8DE8-080EF8A34426}.Debug|Any CPU.Build.0 = Debug|Any CPU
		{9F469C20-5F1F-4CC1-8DE8-080EF8A34426}.Release|Any CPU.ActiveCfg = Release|Any CPU
		{9F469C20-5F1F-4CC1-8DE8-080EF8A34426}.Release|Any CPU.Build.0 = Release|Any CPU
	EndGlobalSection
	GlobalSection(SolutionProperties) = preSolution
		HideSolutionNode = FALSE
	EndGlobalSection
	GlobalSection(ExtensibilityGlobals) = postSolution
		SolutionGuid = {B0D8F8B7-B7BE-4C1B-ADC2-CA6CF0075F70}
	EndGlobalSection
EndGlobal
